github.com/a-h/templ v0.2.432 h1:/8sSs0janzx/DvXlYi+3KUkZABvm7s3lejbvhPZ1rSg=
github.com/a-h/templ v0.2.432/go.mod h1:6Lfhsl3Z4/vXl7jjEjkJRCqoWDGjDnuKgzjYMDSddas=
github.com/caarlos0/env/v10 v10.0.0 h1:yIHUBZGsyqCnpTkbjk8asUlx6RFhhEs+h7TOBdgdzXA=
github.com/caarlos0/env/v10 v10.0.0/go.mod h1:ZfulV76NvVPw3tm591U4SwL3Xx9ldzBP9aGxzeN7G18=
github.com/julienschmidt/httprouter v1.3.0 h1:U0609e9tgbseu3rBINet9P48AI/D3oJs4dN7jwJOQ1U=
github.com/julienschmidt/httprouter v1.3.0/go.mod h1:JR6WtHb+2LUe8TCKY3cZOxFyyO8IZAc4RVcycCCAKdM=
github.com/mattn/go-sqlite3 v1.14.17 h1:mCRHCLDUBXgpKAqIKsaAaAsrAlbkeomtRFKXh2L6YIM=
github.com/mattn/go-sqlite3 v1.14.17/go.mod h1:2eHXhiwb8IkHr+BDWZGa96P6+rkvnG63S2DGjv9HUNg=
github.com/pressly/goose/v3 v3.15.1 h1:dKaJ1SdLvS/+HtS8PzFT0KBEtICC1jewLXM+b3emlv8=
github.com/pressly/goose/v3 v3.15.1/go.mod h1:0E3Yg/+EwYzO6Rz2P98MlClFgIcoujbVRs575yi3iIM=
